
Microsoft Visual Studio Solution File, Format Version 12.00
# Visual Studio Version 16
VisualStudioVersion = 16.0.31205.134
MinimumVisualStudioVersion = 10.0.40219.1
Project("{8BC9CEB8-8B4A-11D0-8D11-00A0C91BC942}") = "Sandbox", "Sandbox\Sandbox.vcxproj", "{DA052A12-C47E-451D-BB0F-CDA71B1245B0}"
EndProject
Project("{8BC9CEB8-8B4A-11D0-8D11-00A0C91BC942}") = "JZEngine", "JZEngine\JZEngine.vcxproj", "{20E23496-9BAF-4C24-9E10-832D8C3F61ED}"
EndProject
Global
	GlobalSection(SolutionConfigurationPlatforms) = preSolution
		Debug|x64 = Debug|x64
		Debug|x86 = Debug|x86
		Release|x64 = Release|x64
		Release|x86 = Release|x86
	EndGlobalSection
	GlobalSection(ProjectConfigurationPlatforms) = postSolution
		{DA052A12-C47E-451D-BB0F-CDA71B1245B0}.Debug|x64.ActiveCfg = Debug|x64
		{DA052A12-C47E-451D-BB0F-CDA71B1245B0}.Debug|x64.Build.0 = Debug|x64
		{DA052A12-C47E-451D-BB0F-CDA71B1245B0}.Debug|x86.ActiveCfg = Debug|x64
		{DA052A12-C47E-451D-BB0F-CDA71B1245B0}.Debug|x86.Build.0 = Debug|x64
		{DA052A12-C47E-451D-BB0F-CDA71B1245B0}.Release|x64.ActiveCfg = Release|x64
		{DA052A12-C47E-451D-BB0F-CDA71B1245B0}.Release|x64.Build.0 = Release|x64
		{DA052A12-C47E-451D-BB0F-CDA71B1245B0}.Release|x86.ActiveCfg = Release|Win32
		{DA052A12-C47E-451D-BB0F-CDA71B1245B0}.Release|x86.Build.0 = Release|Win32
		{20E23496-9BAF-4C24-9E10-832D8C3F61ED}.Debug|x64.ActiveCfg = Debug|x64
		{20E23496-9BAF-4C24-9E10-832D8C3F61ED}.Debug|x64.Build.0 = Debug|x64
		{20E23496-9BAF-4C24-9E10-832D8C3F61ED}.Debug|x86.ActiveCfg = Debug|x64
		{20E23496-9BAF-4C24-9E10-832D8C3F61ED}.Debug|x86.Build.0 = Debug|x64
		{20E23496-9BAF-4C24-9E10-832D8C3F61ED}.Release|x64.ActiveCfg = Release|x64
		{20E23496-9BAF-4C24-9E10-832D8C3F61ED}.Release|x64.Build.0 = Release|x64
		{20E23496-9BAF-4C24-9E10-832D8C3F61ED}.Release|x86.ActiveCfg = Release|Win32
		{20E23496-9BAF-4C24-9E10-832D8C3F61ED}.Release|x86.Build.0 = Release|Win32
	EndGlobalSection
	GlobalSection(SolutionProperties) = preSolution
		HideSolutionNode = FALSE
	EndGlobalSection
	GlobalSection(ExtensibilityGlobals) = postSolution
		SolutionGuid = {485755CE-743B-4E86-AB2F-5061AABE30DA}
	EndGlobalSection
EndGlobal
