<?xml version="1.0" encoding="utf-8"?>
<Project ToolsVersion="4.0" xmlns="http://schemas.microsoft.com/developer/msbuild/2003">
  <ItemGroup>
    <ClCompile Include="src\JZEngine\Application.cpp" />
    <ClCompile Include="src\JZEngine\DebugTools\Log.cpp" />
    <ClCompile Include="src\JZEngine\ECSSystems\ExampleSplitHeaderSource.cpp" />
    <ClCompile Include="src\JZEngine\ECS\ECS.cpp" />
    <ClCompile Include="src\JZEngine\EngineGUI\Console.cpp" />
    <ClCompile Include="src\JZEngine\EngineGUI\Inspector.cpp" />
    <ClCompile Include="src\JZEngine\EngineGUI\SceneTree.cpp" />
    <ClCompile Include="src\JZEngine\GraphicRendering\Buffer.cpp" />
    <ClCompile Include="src\JZEngine\GraphicRendering\OpenGLDebug.cpp" />
    <ClCompile Include="src\JZEngine\GraphicRendering\Renderer.cpp" />
    <ClCompile Include="src\JZEngine\GraphicRendering\Shader.cpp" />
    <ClCompile Include="src\JZEngine\GraphicRendering\Texture.cpp" />
    <ClCompile Include="src\JZEngine\GraphicRendering\VertexArray.cpp" />
    <ClCompile Include="src\JZEngine\JZGL\glad.c" />
    <ClCompile Include="src\JZEngine\ImGui\imgui.cpp" />
    <ClCompile Include="src\JZEngine\ImGui\imgui_draw.cpp" />
    <ClCompile Include="src\JZEngine\ImGui\imgui_impl_glfw.cpp" />
    <ClCompile Include="src\JZEngine\ImGui\imgui_impl_opengl3.cpp" />
    <ClCompile Include="src\JZEngine\ImGui\imgui_tables.cpp" />
    <ClCompile Include="src\JZEngine\ImGui\imgui_widgets.cpp" />
    <ClCompile Include="src\JZEngine\EngineGUI\EngineGUI.cpp" />
    <ClCompile Include="src\JZEngine\JZGL\JZ_GL.cpp" />
    <ClCompile Include="src\JZEngine\Math\Math.cpp" />
    <ClCompile Include="src\JZEngine\Math\Timer.cpp" />
    <ClCompile Include="src\JZEngine\PCH.cpp" />
    <ClCompile Include="vendor\stb_image\stb_image.cpp" />
    <ClCompile Include="src\JZEngine\Sound\Sound.cpp" />
    <ClCompile Include="src\JZEngine\Math\JZMath.cpp" />
  </ItemGroup>
  <ItemGroup>
    <ClInclude Include="src\JZEngine.h" />
    <ClInclude Include="src\JZEngine\Application.h" />
    <ClInclude Include="src\JZEngine\Components\TestComponent.h" />
    <ClInclude Include="src\JZEngine\DebugTools\Log.h" />
    <ClInclude Include="src\JZEngine\ECSSystems\ExampleSplitHeaderSource.h" />
    <ClInclude Include="src\JZEngine\ECS\ECS.h" />
    <ClInclude Include="src\JZEngine\ECS\ECSConfig.h" />
    <ClInclude Include="src\JZEngine\ECSSystems\ExampleSingleHeader.h" />
    <ClInclude Include="src\JZEngine\EngineConfig.h" />
    <ClInclude Include="src\JZEngine\EngineGUI\Console.h" />
    <ClInclude Include="src\JZEngine\EngineGUI\Inspector.h" />
    <ClInclude Include="src\JZEngine\EngineGUI\SceneTree.h" />
    <ClInclude Include="src\JZEngine\EntryPoint.h" />
    <ClInclude Include="src\JZEngine\GraphicRendering\Buffer.h" />
    <ClInclude Include="src\JZEngine\GraphicRendering\OpenGLDebug.h" />
    <ClInclude Include="src\JZEngine\GraphicRendering\Renderer.h" />
    <ClInclude Include="src\JZEngine\GraphicRendering\Shader.h" />
    <ClInclude Include="src\JZEngine\GraphicRendering\Texture.h" />
    <ClInclude Include="src\JZEngine\GraphicRendering\VertexArray.h" />
    <ClInclude Include="src\JZEngine\GraphicRendering\VertexBufferLayout.h" />
    <ClInclude Include="src\JZEngine\ImGui\imconfig.h" />
    <ClInclude Include="src\JZEngine\ImGui\imgui.h" />
    <ClInclude Include="src\JZEngine\ImGui\imgui_impl_glfw.h" />
    <ClInclude Include="src\JZEngine\ImGui\imgui_impl_opengl3.h" />
    <ClInclude Include="src\JZEngine\ImGui\imgui_internal.h" />
    <ClInclude Include="src\JZEngine\ImGui\imstb_rectpack.h" />
    <ClInclude Include="src\JZEngine\ImGui\imstb_textedit.h" />
    <ClInclude Include="src\JZEngine\ImGui\imstb_truetype.h" />
    <ClInclude Include="src\JZEngine\EngineGUI\EngineGUI.h" />
    <ClInclude Include="src\JZEngine\JZGL\JZ_GL.h" />
    <ClInclude Include="src\JZEngine\Math\Timer.h" />
    <ClInclude Include="src\JZEngine\Math\Vec2.h" />
    <ClInclude Include="src\JZEngine\Math\Vec3.h" />
    <ClInclude Include="src\JZEngine\PCH.h" />
    <ClInclude Include="src\JZEngine\BuildDefinitions.h" />
    <ClInclude Include="src\JZEngine\Sound\Sound.h" />
    <ClInclude Include="src\JZEngine\STL\Tuple.h" />
    <ClInclude Include="vendor\stb_image\stb_image.h" />
    <ClInclude Include="src\JZEngine\Math\JZMatrix.h" />
    <ClInclude Include="src\JZEngine\Math\JZMath.h" />
    <ClInclude Include="src\JZEngine\Math\Vec4.h" />
  </ItemGroup>
</Project>