<?xml version="1.0" encoding="utf-8"?>
<Project ToolsVersion="4.0" xmlns="http://schemas.microsoft.com/developer/msbuild/2003">
  <ItemGroup>
    <ClCompile Include="src\JZEngine\Application.cpp" />
    <ClCompile Include="src\JZEngine\DebugTools\Log.cpp" />
    <ClCompile Include="src\JZEngine\ECSSystems\ExampleSplitHeaderSource.cpp" />
    <ClCompile Include="src\JZEngine\ECS\ECS.cpp" />
    <ClCompile Include="src\JZEngine\EngineGUI\Console.cpp" />
    <ClCompile Include="src\JZEngine\EngineGUI\Inspector.cpp" />
    <ClCompile Include="src\JZEngine\EngineGUI\SceneTree.cpp" />
    <ClCompile Include="src\JZEngine\GraphicRendering\Buffer.cpp" />
    <ClCompile Include="src\JZEngine\GraphicRendering\OpenGLDebug.cpp" />
    <ClCompile Include="src\JZEngine\GraphicRendering\Renderer.cpp" />
    <ClCompile Include="src\JZEngine\GraphicRendering\Shader.cpp" />
    <ClCompile Include="src\JZEngine\GraphicRendering\Texture.cpp" />
    <ClCompile Include="src\JZEngine\GraphicRendering\VertexArray.cpp" />
    <ClCompile Include="src\JZEngine\JZGL\glad.c" />
    <ClCompile Include="src\JZEngine\ImGui\imgui.cpp" />
    <ClCompile Include="src\JZEngine\ImGui\imgui_draw.cpp" />
    <ClCompile Include="src\JZEngine\ImGui\imgui_impl_glfw.cpp" />
    <ClCompile Include="src\JZEngine\ImGui\imgui_impl_opengl3.cpp" />
    <ClCompile Include="src\JZEngine\ImGui\imgui_tables.cpp" />
    <ClCompile Include="src\JZEngine\ImGui\imgui_widgets.cpp" />
    <ClCompile Include="src\JZEngine\EngineGUI\EngineGUI.cpp" />
    <ClCompile Include="src\JZEngine\JZGL\JZ_GL.cpp" />
    <ClCompile Include="src\JZEngine\Math\Math.cpp" />
    <ClCompile Include="src\JZEngine\Math\Timer.cpp" />
    <ClCompile Include="src\JZEngine\PCH.cpp" />
    <ClCompile Include="vendor\stb_image\stb_image.cpp" />
    <ClCompile Include="src\JZEngine\Sound\Sound.cpp" />
    <ClCompile Include="src\JZEngine\Math\JZMath.cpp" />
  </ItemGroup>
  <ItemGroup>
    <ClCompile Include="src\JZEngine\JZGL\glad.c">
      <Filter>Source Files</Filter>
    </ClCompile>
    <ClCompile Include="src\JZEngine\PCH.cpp">
      <Filter>Source Files</Filter>
    </ClCompile>
    <ClCompile Include="src\JZEngine\Application.cpp">
      <Filter>Source Files</Filter>
    </ClCompile>
    <ClCompile Include="src\JZEngine\ImGui\imgui.cpp">
      <Filter>Source Files</Filter>
    </ClCompile>
    <ClCompile Include="src\JZEngine\ImGui\imgui_impl_glfw.cpp">
      <Filter>Source Files</Filter>
    </ClCompile>
    <ClCompile Include="src\JZEngine\ImGui\imgui_impl_opengl3.cpp">
      <Filter>Source Files</Filter>
    </ClCompile>
    <ClCompile Include="src\JZEngine\ImGui\imgui_draw.cpp">
      <Filter>Source Files</Filter>
    </ClCompile>
    <ClCompile Include="src\JZEngine\ImGui\imgui_tables.cpp">
      <Filter>Source Files</Filter>
    </ClCompile>
    <ClCompile Include="src\JZEngine\ImGui\imgui_widgets.cpp">
      <Filter>Source Files</Filter>
    </ClCompile>
    <ClCompile Include="src\JZEngine\EngineGUI\EngineGUI.cpp">
      <Filter>Source Files</Filter>
    </ClCompile>
    <ClCompile Include="src\JZEngine\JZGL\JZ_GL.cpp">
      <Filter>Source Files</Filter>
    </ClCompile>
    <ClCompile Include="src\JZEngine\Math\Math.cpp">
      <Filter>Source Files</Filter>
    </ClCompile>
    <ClCompile Include="src\JZEngine\Math\Timer.cpp">
      <Filter>Source Files</Filter>
    </ClCompile>
    <ClCompile Include="src\JZEngine\ECS\ECS.cpp">
      <Filter>Source Files</Filter>
    </ClCompile>
    <ClCompile Include="src\JZEngine\EngineGUI\Inspector.cpp">
      <Filter>Source Files</Filter>
    </ClCompile>
    <ClCompile Include="src\JZEngine\EngineGUI\Console.cpp">
      <Filter>Source Files</Filter>
    </ClCompile>
    <ClCompile Include="src\JZEngine\EngineGUI\SceneTree.cpp">
      <Filter>Source Files</Filter>
    </ClCompile>
    <ClCompile Include="src\JZEngine\ECSSystems\ExampleSplitHeaderSource.cpp">
      <Filter>Source Files</Filter>
    </ClCompile>
    <ClCompile Include="src\JZEngine\DebugTools\Log.cpp">
      <Filter>Source Files</Filter>
    </ClCompile>
    <ClCompile Include="src\JZEngine\GraphicRendering\Renderer.cpp">
      <Filter>Source Files</Filter>
    </ClCompile>
    <ClCompile Include="src\JZEngine\Physics\Collision.cpp">
      <Filter>Source Files</Filter>
    </ClCompile>
  </ItemGroup>
  <ItemGroup>
    <ClInclude Include="src\JZEngine.h">
      <Filter>Header Files</Filter>
    </ClInclude>
    <ClInclude Include="src\JZEngine\Application.h">
      <Filter>Header Files\JZEngine</Filter>
    </ClInclude>
    <ClInclude Include="src\JZEngine\BuildDefinitions.h">
      <Filter>Header Files\JZEngine</Filter>
    </ClInclude>
    <ClInclude Include="src\JZEngine\EntryPoint.h">
      <Filter>Header Files\JZEngine</Filter>
    </ClInclude>
    <ClInclude Include="src\JZEngine\PCH.h">
      <Filter>Header Files\JZEngine</Filter>
    </ClInclude>
    <ClInclude Include="src\JZEngine\ImGui\imgui.h">
      <Filter>Header Files\JZEngine\ImGui</Filter>
    </ClInclude>
    <ClInclude Include="src\JZEngine\ImGui\imgui_impl_opengl3.h">
      <Filter>Header Files\JZEngine\ImGui</Filter>
    </ClInclude>
    <ClInclude Include="src\JZEngine\ImGui\imgui_impl_glfw.h">
      <Filter>Header Files\JZEngine\ImGui</Filter>
    </ClInclude>
    <ClInclude Include="src\JZEngine\ImGui\imgui_internal.h">
      <Filter>Header Files\JZEngine\ImGui</Filter>
    </ClInclude>
    <ClInclude Include="src\JZEngine\ImGui\imstb_rectpack.h">
      <Filter>Header Files\JZEngine\ImGui</Filter>
    </ClInclude>
    <ClInclude Include="src\JZEngine\ImGui\imstb_textedit.h">
      <Filter>Header Files\JZEngine\ImGui</Filter>
    </ClInclude>
    <ClInclude Include="src\JZEngine\ImGui\imstb_truetype.h">
      <Filter>Header Files\JZEngine\ImGui</Filter>
    </ClInclude>
    <ClInclude Include="src\JZEngine\EngineGUI\EngineGUI.h">
      <Filter>Header Files\JZEngine\ImGui</Filter>
    </ClInclude>
    <ClInclude Include="src\JZEngine\ImGui\imconfig.h">
      <Filter>Header Files\JZEngine\ImGui</Filter>
    </ClInclude>
    <ClInclude Include="src\JZEngine\JZGL\JZ_GL.h">
      <Filter>Header Files\JZEngine\JZGL</Filter>
    </ClInclude>
    <ClInclude Include="src\JZEngine\Components\TestComponent.h">
      <Filter>Header Files</Filter>
    </ClInclude>
    <ClInclude Include="src\JZEngine\ECS\ECS.h">
      <Filter>Header Files</Filter>
    </ClInclude>
    <ClInclude Include="src\JZEngine\ECSSystems\ExampleSingleHeader.h">
      <Filter>Header Files</Filter>
    </ClInclude>
    <ClInclude Include="src\JZEngine\ECS\ECSConfig.h">
      <Filter>Header Files</Filter>
    </ClInclude>
    <ClInclude Include="src\JZEngine\STL\Tuple.h">
      <Filter>Header Files</Filter>
    </ClInclude>
    <ClInclude Include="src\JZEngine\EngineConfig.h">
      <Filter>Header Files</Filter>
    </ClInclude>
    <ClInclude Include="src\JZEngine\EngineGUI\Inspector.h">
      <Filter>Header Files</Filter>
    </ClInclude>
    <ClInclude Include="src\JZEngine\EngineGUI\Console.h">
      <Filter>Header Files</Filter>
    </ClInclude>
    <ClInclude Include="src\JZEngine\EngineGUI\SceneTree.h">
      <Filter>Header Files</Filter>
    </ClInclude>
    <ClInclude Include="src\JZEngine\ECSSystems\ExampleSplitHeaderSource.h">
      <Filter>Header Files</Filter>
    </ClInclude>
    <ClInclude Include="src\JZEngine\GraphicRendering\Renderer.h">
      <Filter>Header Files</Filter>
    </ClInclude>
    <ClInclude Include="src\JZEngine\Math\Vec2.h">
      <Filter>Header Files</Filter>
    </ClInclude>
    <ClInclude Include="src\JZEngine\Math\Vec3.h">
      <Filter>Header Files</Filter>
    </ClInclude>
    <ClInclude Include="src\JZEngine\Math\Timer.h">
      <Filter>Header Files</Filter>
    </ClInclude>
    <ClInclude Include="src\JZEngine\DebugTools\Log.h">
      <Filter>Header Files</Filter>
    </ClInclude>
    <ClInclude Include="src\JZEngine\Physics\Physics.h">
      <Filter>Header Files</Filter>
    </ClInclude>
    <ClInclude Include="src\JZEngine\Physics\Collision.h">
      <Filter>Header Files</Filter>
    </ClInclude>
  </ItemGroup>
</Project>