<?xml version="1.0" encoding="utf-8"?>
<Project ToolsVersion="4.0" xmlns="http://schemas.microsoft.com/developer/msbuild/2003">
  <ItemGroup>
    <ClCompile Include="src\JZEngine\Application.cpp" />
    <ClCompile Include="src\JZEngine\DebugTools\Log.cpp" />
    <ClCompile Include="src\JZEngine\DebugTools\PerformanceData.cpp" />
    <ClCompile Include="src\JZEngine\ECSSystems\ExampleSplitHeaderSource.cpp" />
    <ClCompile Include="src\JZEngine\ECSSystems\PhysicsSystem.cpp" />
    <ClCompile Include="src\JZEngine\ECS\ECS.cpp" />
    <ClCompile Include="src\JZEngine\EngineGUI\Console.cpp" />
    <ClCompile Include="src\JZEngine\EngineGUI\DebugInformation.cpp" />
    <ClCompile Include="src\JZEngine\EngineGUI\ImGuiInterface.cpp" />
    <ClCompile Include="src\JZEngine\EngineGUI\Inspector.cpp" />
    <ClCompile Include="src\JZEngine\EngineGUI\MenuBar.cpp" />
    <ClCompile Include="src\JZEngine\EngineGUI\SceneTree.cpp" />
    <ClCompile Include="src\JZEngine\GlobalSystems.cpp" />
    <ClCompile Include="src\JZEngine\GraphicRendering\Background.cpp" />
    <ClCompile Include="src\JZEngine\GraphicRendering\Buffer.cpp" />
    <ClCompile Include="src\JZEngine\GraphicRendering\InstanceSpriteRenderer.cpp" />
    <ClCompile Include="src\JZEngine\GraphicRendering\SpriteRendererInstancing.cpp" />
    <ClCompile Include="src\JZEngine\GraphicRendering\OpenGLDebug.cpp" />
    <ClCompile Include="src\JZEngine\GraphicRendering\Renderer.cpp" />
    <ClCompile Include="src\JZEngine\GraphicRendering\RendererInstancing.cpp" />
    <ClCompile Include="src\JZEngine\GraphicRendering\Shader.cpp" />
    <ClCompile Include="src\JZEngine\GraphicRendering\SpriteRenderer.cpp" />
    <ClCompile Include="src\JZEngine\GraphicRendering\TextRenderer.cpp" />
    <ClCompile Include="src\JZEngine\GraphicRendering\Texture.cpp" />
    <ClCompile Include="src\JZEngine\GraphicRendering\VertexArray.cpp" />
    <ClCompile Include="src\JZEngine\ImGui\GraphEditor.cpp" />
    <ClCompile Include="src\JZEngine\ImGui\ImCurveEdit.cpp" />
    <ClCompile Include="src\JZEngine\ImGui\ImGradient.cpp" />
    <ClCompile Include="src\JZEngine\ImGui\ImGuizmo.cpp" />
    <ClCompile Include="src\JZEngine\ImGui\ImSequencer.cpp" />
    <ClCompile Include="src\JZEngine\Input\Input.cpp" />
    <ClCompile Include="src\JZEngine\JZGL\glad.c" />
    <ClCompile Include="src\JZEngine\ImGui\imgui.cpp" />
    <ClCompile Include="src\JZEngine\ImGui\imgui_draw.cpp" />
    <ClCompile Include="src\JZEngine\ImGui\imgui_impl_glfw.cpp" />
    <ClCompile Include="src\JZEngine\ImGui\imgui_impl_opengl3.cpp" />
    <ClCompile Include="src\JZEngine\ImGui\imgui_tables.cpp" />
    <ClCompile Include="src\JZEngine\ImGui\imgui_widgets.cpp" />
    <ClCompile Include="src\JZEngine\EngineGUI\EngineGUI.cpp" />
    <ClCompile Include="src\JZEngine\JZGL\JZ_GL.cpp" />
    <ClCompile Include="src\JZEngine\Math\JZMath.cpp" />
    <ClCompile Include="src\JZEngine\Math\Math.cpp" />
    <ClCompile Include="src\JZEngine\Math\Timer.cpp" />
    <ClCompile Include="src\JZEngine\PCH.cpp" />
    <ClCompile Include="src\JZEngine\Resource\ResourceManager.cpp" />
    <ClCompile Include="vendor\stb_image\stb_image.cpp" />
    <ClCompile Include="src\JZEngine\Sound\Sound.cpp" />
    <ClCompile Include="src\JZEngine\GraphicRendering\Text.cpp" />
    <ClCompile Include="src\JZEngine\STL\String.cpp" />
    <ClCompile Include="src\JZEngine\Math\JZMath.cpp" />
    <ClCompile Include="src\JZEngine\Physics\Collision.cpp" />
    <ClCompile Include="src\JZEngine\Input\Input.cpp" />
    <ClCompile Include="src\JZEngine\GraphicRendering\RendererDebug.cpp" />
    <ClCompile Include="src\JZEngine\EngineConfig.cpp" />
    <ClCompile Include="src\JZEngine\EngineGUI\EngineSettings.cpp" />
    <ClCompile Include="src\JZEngine\Physics\RigidBody.cpp" />
    <ClCompile Include="src\JZEngine\Physics\PhyicsDebug.cpp" />
    <ClCompile Include="src\JZEngine\GraphicRendering\NonInstanceSpriteRenderer.cpp" />
    <ClCompile Include="src\JZEngine\Physics\PhysicsComponent.cpp" />
    <ClCompile Include="src\JZEngine\ECSSystems\FloatRandom.cpp" />
    <ClCompile Include="src\JZEngine\GraphicRendering\RenderQueue.cpp" />
    <ClCompile Include="src\JZEngine\EngineGUI\SceneLayerControl.cpp" />
    <ClCompile Include="src\JZEngine\GraphicRendering\PostProcessor.cpp" />
  </ItemGroup>
  <ItemGroup>
    <ClCompile Include="src\JZEngine\JZGL\glad.c">
      <Filter>Source Files</Filter>
    </ClCompile>
    <ClCompile Include="src\JZEngine\PCH.cpp">
      <Filter>Source Files</Filter>
    </ClCompile>
    <ClCompile Include="src\JZEngine\Application.cpp">
      <Filter>Source Files</Filter>
    </ClCompile>
    <ClCompile Include="src\JZEngine\ImGui\imgui.cpp">
      <Filter>Source Files</Filter>
    </ClCompile>
    <ClCompile Include="src\JZEngine\ImGui\imgui_impl_glfw.cpp">
      <Filter>Source Files</Filter>
    </ClCompile>
    <ClCompile Include="src\JZEngine\ImGui\imgui_impl_opengl3.cpp">
      <Filter>Source Files</Filter>
    </ClCompile>
    <ClCompile Include="src\JZEngine\ImGui\imgui_draw.cpp">
      <Filter>Source Files</Filter>
    </ClCompile>
    <ClCompile Include="src\JZEngine\ImGui\imgui_tables.cpp">
      <Filter>Source Files</Filter>
    </ClCompile>
    <ClCompile Include="src\JZEngine\ImGui\imgui_widgets.cpp">
      <Filter>Source Files</Filter>
    </ClCompile>
    <ClCompile Include="src\JZEngine\EngineGUI\EngineGUI.cpp">
      <Filter>Source Files</Filter>
    </ClCompile>
    <ClCompile Include="src\JZEngine\JZGL\JZ_GL.cpp">
      <Filter>Source Files</Filter>
    </ClCompile>
    <ClCompile Include="src\JZEngine\Math\Math.cpp">
      <Filter>Source Files</Filter>
    </ClCompile>
    <ClCompile Include="src\JZEngine\Math\Timer.cpp">
      <Filter>Source Files</Filter>
    </ClCompile>
    <ClCompile Include="src\JZEngine\ECS\ECS.cpp">
      <Filter>Source Files</Filter>
    </ClCompile>
    <ClCompile Include="src\JZEngine\EngineGUI\Inspector.cpp">
      <Filter>Source Files</Filter>
    </ClCompile>
    <ClCompile Include="src\JZEngine\EngineGUI\Console.cpp">
      <Filter>Source Files</Filter>
    </ClCompile>
    <ClCompile Include="src\JZEngine\EngineGUI\SceneTree.cpp">
      <Filter>Source Files</Filter>
    </ClCompile>
    <ClCompile Include="src\JZEngine\ECSSystems\ExampleSplitHeaderSource.cpp">
      <Filter>Source Files</Filter>
    </ClCompile>
    <ClCompile Include="src\JZEngine\DebugTools\Log.cpp">
      <Filter>Source Files</Filter>
    </ClCompile>
    <ClCompile Include="src\JZEngine\GraphicRendering\Renderer.cpp">
      <Filter>Source Files</Filter>
    </ClCompile>
    <ClCompile Include="src\JZEngine\GraphicRendering\SpriteRendererInstancing.cpp" />
    <ClCompile Include="src\JZEngine\GraphicRendering\InstanceSpriteRenderer.cpp" />
    <ClCompile Include="src\JZEngine\EngineGUI\DebugInformation.cpp" />
    <ClCompile Include="src\JZEngine\EngineGUI\ImGuiInterface.cpp" />
    <ClCompile Include="src\JZEngine\EngineGUI\MenuBar.cpp" />
    <ClCompile Include="src\JZEngine\DebugTools\PerformanceData.cpp" />
    <ClCompile Include="src\JZEngine\ECSSystems\PhysicsSystem.cpp" />
    <ClCompile Include="src\JZEngine\GraphicRendering\Background.cpp" />
    <ClCompile Include="src\JZEngine\ImGui\GraphEditor.cpp" />
    <ClCompile Include="src\JZEngine\ImGui\ImCurveEdit.cpp" />
    <ClCompile Include="src\JZEngine\ImGui\ImGradient.cpp" />
    <ClCompile Include="src\JZEngine\ImGui\ImGuizmo.cpp" />
    <ClCompile Include="src\JZEngine\ImGui\ImSequencer.cpp" />
    <ClCompile Include="src\JZEngine\Resource\Serialize.cpp" />
    <ClCompile Include="src\JZEngine\EngineGUI\FolderInterface.cpp" />
    <ClCompile Include="src\JZEngine\Physics\Collision.cpp" />
  </ItemGroup>
  <ItemGroup>
    <ClInclude Include="src\JZEngine.h" />
    <ClInclude Include="src\JZEngine\Application.h" />
    <ClInclude Include="src\JZEngine\DebugTools\Log.h" />
    <ClInclude Include="src\JZEngine\DebugTools\PerformanceData.h" />
    <ClInclude Include="src\JZEngine\ECSSystems\ExampleSplitHeaderSource.h" />
    <ClInclude Include="src\JZEngine\ECSSystems\PhysicsSystem.h" />
    <ClInclude Include="src\JZEngine\ECS\ECS.h" />
    <ClInclude Include="src\JZEngine\ECS\ECSConfig.h" />
    <ClInclude Include="src\JZEngine\ECSSystems\ExampleSingleHeader.h" />
    <ClInclude Include="src\JZEngine\EngineConfig.h" />
    <ClInclude Include="src\JZEngine\EngineGUI\Console.h" />
    <ClInclude Include="src\JZEngine\EngineGUI\DebugInformation.h" />
    <ClInclude Include="src\JZEngine\EngineGUI\ImGuiInterface.h" />
    <ClInclude Include="src\JZEngine\EngineGUI\Inspector.h" />
    <ClInclude Include="src\JZEngine\EngineGUI\MenuBar.h" />
    <ClInclude Include="src\JZEngine\EngineGUI\SceneTree.h" />
    <ClInclude Include="src\JZEngine\EntryPoint.h" />
    <ClInclude Include="src\JZEngine\GraphicRendering\Background.h" />
    <ClInclude Include="src\JZEngine\GraphicRendering\Buffer.h" />
    <ClInclude Include="src\JZEngine\GraphicRendering\InstanceSpriteRenderer.h" />
    <ClInclude Include="src\JZEngine\GraphicRendering\SpriteRendererInstancing.h" />
    <ClInclude Include="src\JZEngine\GraphicRendering\OpenGLDebug.h" />
    <ClInclude Include="src\JZEngine\GraphicRendering\Renderer.h" />
    <ClInclude Include="src\JZEngine\GraphicRendering\Shader.h" />
    <ClInclude Include="src\JZEngine\GraphicRendering\NonInstanceSpriteRenderer.h" />
    <ClInclude Include="src\JZEngine\GraphicRendering\OpenGLDebug.h" />
    <ClInclude Include="src\JZEngine\GraphicRendering\Renderer.h" />
    <ClInclude Include="src\JZEngine\GraphicRendering\RendererInstancing.h" />
    <ClInclude Include="src\JZEngine\GraphicRendering\Shader.h" />
    <ClInclude Include="src\JZEngine\GraphicRendering\SpriteRenderer.h" />
    <ClInclude Include="src\JZEngine\GraphicRendering\TextRenderer.h" />
    <ClInclude Include="src\JZEngine\GraphicRendering\Texture.h" />
    <ClInclude Include="src\JZEngine\GraphicRendering\VertexArray.h" />
    <ClInclude Include="src\JZEngine\GraphicRendering\VertexBufferLayout.h" />
    <ClInclude Include="src\JZEngine\GlobalSystems.h" />
    <ClInclude Include="src\JZEngine\ImGui\GraphEditor.h" />
    <ClInclude Include="src\JZEngine\ImGui\imconfig.h" />
    <ClInclude Include="src\JZEngine\ImGui\ImCurveEdit.h" />
    <ClInclude Include="src\JZEngine\ImGui\ImGradient.h" />
    <ClInclude Include="src\JZEngine\ImGui\imgui.h" />
    <ClInclude Include="src\JZEngine\ImGui\ImGuizmo.h" />
    <ClInclude Include="src\JZEngine\ImGui\imgui_impl_glfw.h" />
    <ClInclude Include="src\JZEngine\ImGui\imgui_impl_opengl3.h" />
    <ClInclude Include="src\JZEngine\ImGui\imgui_internal.h" />
    <ClInclude Include="src\JZEngine\ImGui\ImSequencer.h" />
    <ClInclude Include="src\JZEngine\ImGui\imstb_rectpack.h" />
    <ClInclude Include="src\JZEngine\ImGui\imstb_textedit.h" />
    <ClInclude Include="src\JZEngine\ImGui\imstb_truetype.h" />
    <ClInclude Include="src\JZEngine\EngineGUI\EngineGUI.h" />
    <ClInclude Include="src\JZEngine\ImGui\ImZoomSlider.h" />
    <ClInclude Include="src\JZEngine\Input\DeltaTime.h" />
    <ClInclude Include="src\JZEngine\Input\Input.h" />
    <ClInclude Include="src\JZEngine\JZGL\JZ_GL.h" />
    <ClInclude Include="src\JZEngine\Math\JZMath.h" />
    <ClInclude Include="src\JZEngine\Math\JZMatrix.h" />
    <ClInclude Include="src\JZEngine\Math\Timer.h" />
    <ClInclude Include="src\JZEngine\Math\Vec2.h" />
    <ClInclude Include="src\JZEngine\Math\Vec3.h" />
    <ClInclude Include="src\JZEngine\Math\Vec4.h" />
    <ClInclude Include="src\JZEngine\PCH.h" />
    <ClInclude Include="src\JZEngine\BuildDefinitions.h" />
    <ClInclude Include="src\JZEngine\Physics\Collision.h" />
    <ClInclude Include="src\JZEngine\Resource\ResourceManager.h" />
    <ClInclude Include="src\JZEngine\Sound\Sound.h" />
    <ClInclude Include="src\JZEngine\STL\Random.h" />
    <ClInclude Include="src\JZEngine\STL\Tuple.h" />
    <ClInclude Include="vendor\stb_image\stb_image.h" />
    <ClInclude Include="src\JZEngine\DebugTools\Assert.h" />
    <ClInclude Include="src\JZEngine\GraphicRendering\Text.h" />
    <ClInclude Include="src\JZEngine\STL\String.h" />
    <ClInclude Include="src\JZEngine\DebugTools\DebugNew.h" />
    <ClInclude Include="src\JZEngine\Input\Input.h" />
    <ClInclude Include="src\JZEngine\Input\DeltaTime.h" />
    <ClInclude Include="src\JZEngine\Message\MessageHandler.h" />
    <ClInclude Include="src\JZEngine\Message\MessageBus.h" />
    <ClInclude Include="src\JZEngine\Message\Event.h" />
    <ClInclude Include="src\JZEngine\Math\JZMatrix.h" />
    <ClInclude Include="src\JZEngine\Math\JZMath.h" />
    <ClInclude Include="src\JZEngine\GraphicRendering\SpriteRenderer.h" />
    <ClInclude Include="src\JZEngine\Math\Vec4.h" />
    <ClInclude Include="src\JZEngine\GraphicRendering\NonInstanceSpriteRenderer.h" />
    <ClInclude Include="src\JZEngine\Resource\ResourceManager.h" />
    <ClInclude Include="src\JZEngine\Input\DeltaTime.h" />
    <ClInclude Include="src\JZEngine\GlobalSystems.h" />
    <ClInclude Include="src\JZEngine\EngineGUI\DebugInformation.h" />
    <ClInclude Include="src\JZEngine\EngineGUI\ImGuiInterface.h" />
    <ClInclude Include="src\JZEngine\EngineGUI\MenuBar.h" />
    <ClInclude Include="src\JZEngine\DebugTools\PerformanceData.h" />
    <ClInclude Include="src\JZEngine\ECSSystems\PhysicsSystem.h" />
    <ClInclude Include="src\JZEngine\STL\Random.h" />
    <ClInclude Include="src\JZEngine\GraphicRendering\Background.h" />
    <ClInclude Include="src\JZEngine\ImGui\GraphEditor.h" />
    <ClInclude Include="src\JZEngine\ImGui\ImCurveEdit.h" />
    <ClInclude Include="src\JZEngine\ImGui\ImGradient.h" />
    <ClInclude Include="src\JZEngine\ImGui\ImGuizmo.h" />
    <ClInclude Include="src\JZEngine\ImGui\ImSequencer.h" />
    <ClInclude Include="src\JZEngine\ImGui\ImZoomSlider.h" />
    <ClInclude Include="src\JZEngine\Resource\Serialize.h" />
    <ClInclude Include="src\JZEngine\EngineGUI\FolderInterface.h" />
    <ClInclude Include="src\JZEngine\Physics\Collision.h" />
    <ClInclude Include="src\JZEngine\GraphicRendering\RendererDebug.h" />
    <ClInclude Include="src\JZEngine\EngineGUI\EngineSettings.h" />
    <ClInclude Include="src\JZEngine\Physics\PhysicsComponent.h" />
    <ClInclude Include="src\JZEngine\Physics\PhysicsShapes.h" />
    <ClInclude Include="src\JZEngine\Physics\RigidBody.h" />
    <ClInclude Include="src\JZEngine\Physics\PhyicsDebug.h" />
    <ClInclude Include="src\JZEngine\ECSSystems\FloatRandom.h" />
    <ClInclude Include="src\JZEngine\UnreferencedParam.h" />
    <ClInclude Include="src\JZEngine\GraphicRendering\RenderQueue.h" />
    <ClInclude Include="src\JZEngine\EngineGUI\SceneLayerControl.h" />
    <ClInclude Include="src\JZEngine\GraphicRendering\PostProcessor.h" />
  </ItemGroup>
</Project>